
Microsoft Visual Studio Solution File, Format Version 12.00
# Visual Studio Version 17
VisualStudioVersion = 17.3.32804.467
MinimumVisualStudioVersion = 10.0.40219.1
Project("{9A19103F-16F7-4668-BE54-9A1E7A4F7556}") = "Business", "business\Business.csproj", "{58C01B37-17D8-4BE1-9F8E-80781BB168D2}"
EndProject
Project("{9A19103F-16F7-4668-BE54-9A1E7A4F7556}") = "DataAccess", "DataAccess\DataAccess.csproj", "{6BB71329-778F-40C3-A915-BC0C8DD157AE}"
EndProject
Project("{9A19103F-16F7-4668-BE54-9A1E7A4F7556}") = "Entities", "Entity\Entities.csproj", "{C4B43472-E515-4D03-AB17-CD535B35C26E}"
EndProject
Project("{9A19103F-16F7-4668-BE54-9A1E7A4F7556}") = "Web", "WebApplication1\Web.csproj", "{2A99FE32-598B-45BD-B626-97B1DAB76ABE}"
EndProject
Project("{FAE04EC0-301F-11D3-BF4B-00C04F79EFBC}") = "WebApi", "WebApi\WebApi.csproj", "{D6397D4E-DC18-458A-918B-0F934540C6BA}"
EndProject
Global
	GlobalSection(SolutionConfigurationPlatforms) = preSolution
		Debug|Any CPU = Debug|Any CPU
		Release|Any CPU = Release|Any CPU
	EndGlobalSection
	GlobalSection(ProjectConfigurationPlatforms) = postSolution
		{58C01B37-17D8-4BE1-9F8E-80781BB168D2}.Debug|Any CPU.ActiveCfg = Debug|Any CPU
		{58C01B37-17D8-4BE1-9F8E-80781BB168D2}.Debug|Any CPU.Build.0 = Debug|Any CPU
		{58C01B37-17D8-4BE1-9F8E-80781BB168D2}.Release|Any CPU.ActiveCfg = Release|Any CPU
		{58C01B37-17D8-4BE1-9F8E-80781BB168D2}.Release|Any CPU.Build.0 = Release|Any CPU
		{6BB71329-778F-40C3-A915-BC0C8DD157AE}.Debug|Any CPU.ActiveCfg = Debug|Any CPU
		{6BB71329-778F-40C3-A915-BC0C8DD157AE}.Debug|Any CPU.Build.0 = Debug|Any CPU
		{6BB71329-778F-40C3-A915-BC0C8DD157AE}.Release|Any CPU.ActiveCfg = Release|Any CPU
		{6BB71329-778F-40C3-A915-BC0C8DD157AE}.Release|Any CPU.Build.0 = Release|Any CPU
		{C4B43472-E515-4D03-AB17-CD535B35C26E}.Debug|Any CPU.ActiveCfg = Debug|Any CPU
		{C4B43472-E515-4D03-AB17-CD535B35C26E}.Debug|Any CPU.Build.0 = Debug|Any CPU
		{C4B43472-E515-4D03-AB17-CD535B35C26E}.Release|Any CPU.ActiveCfg = Release|Any CPU
		{C4B43472-E515-4D03-AB17-CD535B35C26E}.Release|Any CPU.Build.0 = Release|Any CPU
		{2A99FE32-598B-45BD-B626-97B1DAB76ABE}.Debug|Any CPU.ActiveCfg = Debug|Any CPU
		{2A99FE32-598B-45BD-B626-97B1DAB76ABE}.Debug|Any CPU.Build.0 = Debug|Any CPU
		{2A99FE32-598B-45BD-B626-97B1DAB76ABE}.Release|Any CPU.ActiveCfg = Release|Any CPU
		{2A99FE32-598B-45BD-B626-97B1DAB76ABE}.Release|Any CPU.Build.0 = Release|Any CPU
		{D6397D4E-DC18-458A-918B-0F934540C6BA}.Debug|Any CPU.ActiveCfg = Debug|Any CPU
		{D6397D4E-DC18-458A-918B-0F934540C6BA}.Debug|Any CPU.Build.0 = Debug|Any CPU
		{D6397D4E-DC18-458A-918B-0F934540C6BA}.Release|Any CPU.ActiveCfg = Release|Any CPU
		{D6397D4E-DC18-458A-918B-0F934540C6BA}.Release|Any CPU.Build.0 = Release|Any CPU
	EndGlobalSection
	GlobalSection(SolutionProperties) = preSolution
		HideSolutionNode = FALSE
	EndGlobalSection
	GlobalSection(ExtensibilityGlobals) = postSolution
		SolutionGuid = {D7BBF0AC-CAC1-46AC-840D-225CDD0C4E24}
	EndGlobalSection
EndGlobal
